
Microsoft Visual Studio Solution File, Format Version 12.00
# Visual Studio 14
VisualStudioVersion = 14.0.25420.1
MinimumVisualStudioVersion = 10.0.40219.1
Project("{FAE04EC0-301F-11D3-BF4B-00C04F79EFBC}") = "Yal", "Yal\Yal.csproj", "{9CF220DF-F415-4262-AAB2-E760BA7648C5}"
EndProject
Project("{FAE04EC0-301F-11D3-BF4B-00C04F79EFBC}") = "PluginInterfaces", "PluginInterfaces\PluginInterfaces.csproj", "{BE2771F7-02DA-415A-90BD-75206DA36375}"
EndProject
Project("{FAE04EC0-301F-11D3-BF4B-00C04F79EFBC}") = "YalCalc", "YalCalc\YalCalc.csproj", "{D2124F3E-D288-41FC-A76A-636BBCA3764C}"
EndProject
Project("{FAE04EC0-301F-11D3-BF4B-00C04F79EFBC}") = "YalWeb", "YalWeb\YalWeb.csproj", "{19640F0D-14B4-41BD-B9AC-8B66237CA4E3}"
EndProject
Project("{FAE04EC0-301F-11D3-BF4B-00C04F79EFBC}") = "YalControlPanel", "YalControlPanel\YalControlPanel.csproj", "{70DB3B6C-1847-483C-A1D6-718325ECA9AD}"
EndProject
Project("{FAE04EC0-301F-11D3-BF4B-00C04F79EFBC}") = "Utilities", "Utilities\Utilities.csproj", "{4C584613-E0BC-41A9-A5B1-944B96CD7915}"
EndProject
Project("{FAE04EC0-301F-11D3-BF4B-00C04F79EFBC}") = "YalCommand", "YalCommand\YalCommand.csproj", "{8FC68CF9-5680-47A3-91D0-FE63EF592596}"
EndProject
Project("{FAE04EC0-301F-11D3-BF4B-00C04F79EFBC}") = "YalBookmark", "YalBookmark\YalBookmark.csproj", "{0337D522-C7D2-4DB1-B7F4-0AE1CE552007}"
EndProject
Project("{FAE04EC0-301F-11D3-BF4B-00C04F79EFBC}") = "YalPath", "YalPath\YalPath.csproj", "{3D861509-0A1C-4FFB-8BCE-BE325E94F197}"
EndProject
Project("{FAE04EC0-301F-11D3-BF4B-00C04F79EFBC}") = "YalProcessKiller", "YalProcessKiller\YalProcessKiller.csproj", "{6E37DDF8-BF6D-4A47-BB01-C4AB120EBE0F}"
EndProject
Project("{FAE04EC0-301F-11D3-BF4B-00C04F79EFBC}") = "YalClipboardHistory", "YalClipboardHistory\YalClipboardHistory.csproj", "{52F086C1-656C-43E8-ACC6-839B930B74C7}"
EndProject
Global
	GlobalSection(SolutionConfigurationPlatforms) = preSolution
		Debug|Any CPU = Debug|Any CPU
		Release|Any CPU = Release|Any CPU
	EndGlobalSection
	GlobalSection(ProjectConfigurationPlatforms) = postSolution
		{9CF220DF-F415-4262-AAB2-E760BA7648C5}.Debug|Any CPU.ActiveCfg = Debug|Any CPU
		{9CF220DF-F415-4262-AAB2-E760BA7648C5}.Debug|Any CPU.Build.0 = Debug|Any CPU
		{9CF220DF-F415-4262-AAB2-E760BA7648C5}.Release|Any CPU.ActiveCfg = Release|Any CPU
		{9CF220DF-F415-4262-AAB2-E760BA7648C5}.Release|Any CPU.Build.0 = Release|Any CPU
		{BE2771F7-02DA-415A-90BD-75206DA36375}.Debug|Any CPU.ActiveCfg = Debug|Any CPU
		{BE2771F7-02DA-415A-90BD-75206DA36375}.Debug|Any CPU.Build.0 = Debug|Any CPU
		{BE2771F7-02DA-415A-90BD-75206DA36375}.Release|Any CPU.ActiveCfg = Release|Any CPU
		{BE2771F7-02DA-415A-90BD-75206DA36375}.Release|Any CPU.Build.0 = Release|Any CPU
		{D2124F3E-D288-41FC-A76A-636BBCA3764C}.Debug|Any CPU.ActiveCfg = Debug|Any CPU
		{D2124F3E-D288-41FC-A76A-636BBCA3764C}.Debug|Any CPU.Build.0 = Debug|Any CPU
		{D2124F3E-D288-41FC-A76A-636BBCA3764C}.Release|Any CPU.ActiveCfg = Release|Any CPU
		{D2124F3E-D288-41FC-A76A-636BBCA3764C}.Release|Any CPU.Build.0 = Release|Any CPU
		{19640F0D-14B4-41BD-B9AC-8B66237CA4E3}.Debug|Any CPU.ActiveCfg = Debug|Any CPU
		{19640F0D-14B4-41BD-B9AC-8B66237CA4E3}.Debug|Any CPU.Build.0 = Debug|Any CPU
		{19640F0D-14B4-41BD-B9AC-8B66237CA4E3}.Release|Any CPU.ActiveCfg = Release|Any CPU
		{19640F0D-14B4-41BD-B9AC-8B66237CA4E3}.Release|Any CPU.Build.0 = Release|Any CPU
		{70DB3B6C-1847-483C-A1D6-718325ECA9AD}.Debug|Any CPU.ActiveCfg = Debug|Any CPU
		{70DB3B6C-1847-483C-A1D6-718325ECA9AD}.Debug|Any CPU.Build.0 = Debug|Any CPU
		{70DB3B6C-1847-483C-A1D6-718325ECA9AD}.Release|Any CPU.ActiveCfg = Release|Any CPU
		{70DB3B6C-1847-483C-A1D6-718325ECA9AD}.Release|Any CPU.Build.0 = Release|Any CPU
		{4C584613-E0BC-41A9-A5B1-944B96CD7915}.Debug|Any CPU.ActiveCfg = Debug|Any CPU
		{4C584613-E0BC-41A9-A5B1-944B96CD7915}.Debug|Any CPU.Build.0 = Debug|Any CPU
		{4C584613-E0BC-41A9-A5B1-944B96CD7915}.Release|Any CPU.ActiveCfg = Release|Any CPU
		{4C584613-E0BC-41A9-A5B1-944B96CD7915}.Release|Any CPU.Build.0 = Release|Any CPU
		{8FC68CF9-5680-47A3-91D0-FE63EF592596}.Debug|Any CPU.ActiveCfg = Debug|Any CPU
		{8FC68CF9-5680-47A3-91D0-FE63EF592596}.Debug|Any CPU.Build.0 = Debug|Any CPU
		{8FC68CF9-5680-47A3-91D0-FE63EF592596}.Release|Any CPU.ActiveCfg = Release|Any CPU
		{8FC68CF9-5680-47A3-91D0-FE63EF592596}.Release|Any CPU.Build.0 = Release|Any CPU
		{0337D522-C7D2-4DB1-B7F4-0AE1CE552007}.Debug|Any CPU.ActiveCfg = Debug|Any CPU
		{0337D522-C7D2-4DB1-B7F4-0AE1CE552007}.Debug|Any CPU.Build.0 = Debug|Any CPU
		{0337D522-C7D2-4DB1-B7F4-0AE1CE552007}.Release|Any CPU.ActiveCfg = Release|Any CPU
		{0337D522-C7D2-4DB1-B7F4-0AE1CE552007}.Release|Any CPU.Build.0 = Release|Any CPU
		{3D861509-0A1C-4FFB-8BCE-BE325E94F197}.Debug|Any CPU.ActiveCfg = Debug|Any CPU
		{3D861509-0A1C-4FFB-8BCE-BE325E94F197}.Debug|Any CPU.Build.0 = Debug|Any CPU
		{3D861509-0A1C-4FFB-8BCE-BE325E94F197}.Release|Any CPU.ActiveCfg = Release|Any CPU
		{3D861509-0A1C-4FFB-8BCE-BE325E94F197}.Release|Any CPU.Build.0 = Release|Any CPU
		{6E37DDF8-BF6D-4A47-BB01-C4AB120EBE0F}.Debug|Any CPU.ActiveCfg = Debug|Any CPU
		{6E37DDF8-BF6D-4A47-BB01-C4AB120EBE0F}.Debug|Any CPU.Build.0 = Debug|Any CPU
		{6E37DDF8-BF6D-4A47-BB01-C4AB120EBE0F}.Release|Any CPU.ActiveCfg = Release|Any CPU
		{6E37DDF8-BF6D-4A47-BB01-C4AB120EBE0F}.Release|Any CPU.Build.0 = Release|Any CPU
		{52F086C1-656C-43E8-ACC6-839B930B74C7}.Debug|Any CPU.ActiveCfg = Debug|Any CPU
		{52F086C1-656C-43E8-ACC6-839B930B74C7}.Debug|Any CPU.Build.0 = Debug|Any CPU
		{52F086C1-656C-43E8-ACC6-839B930B74C7}.Release|Any CPU.ActiveCfg = Release|Any CPU
		{52F086C1-656C-43E8-ACC6-839B930B74C7}.Release|Any CPU.Build.0 = Release|Any CPU
	EndGlobalSection
	GlobalSection(SolutionProperties) = preSolution
		HideSolutionNode = FALSE
	EndGlobalSection
EndGlobal
