
Microsoft Visual Studio Solution File, Format Version 12.00
# Visual Studio 14
VisualStudioVersion = 14.0.25420.1
MinimumVisualStudioVersion = 10.0.40219.1
Project("{FAE04EC0-301F-11D3-BF4B-00C04F79EFBC}") = "Yal", "Launcher\Yal.csproj", "{9CF220DF-F415-4262-AAB2-E760BA7648C5}"
EndProject
Project("{FAE04EC0-301F-11D3-BF4B-00C04F79EFBC}") = "PluginInterfaces", "PluginInterfaces\PluginInterfaces.csproj", "{BE2771F7-02DA-415A-90BD-75206DA36375}"
EndProject
Project("{FAE04EC0-301F-11D3-BF4B-00C04F79EFBC}") = "YalCalc", "CalcPlugin\YalCalc.csproj", "{D2124F3E-D288-41FC-A76A-636BBCA3764C}"
EndProject
Project("{FAE04EC0-301F-11D3-BF4B-00C04F79EFBC}") = "YalWeb", "YalWeb\YalWeb.csproj", "{19640F0D-14B4-41BD-B9AC-8B66237CA4E3}"
EndProject
Project("{FAE04EC0-301F-11D3-BF4B-00C04F79EFBC}") = "YalControlPanel", "YalControlPanel\YalControlPanel.csproj", "{70DB3B6C-1847-483C-A1D6-718325ECA9AD}"
EndProject
Global
	GlobalSection(SolutionConfigurationPlatforms) = preSolution
		Debug|Any CPU = Debug|Any CPU
		Release|Any CPU = Release|Any CPU
	EndGlobalSection
	GlobalSection(ProjectConfigurationPlatforms) = postSolution
		{9CF220DF-F415-4262-AAB2-E760BA7648C5}.Debug|Any CPU.ActiveCfg = Debug|Any CPU
		{9CF220DF-F415-4262-AAB2-E760BA7648C5}.Debug|Any CPU.Build.0 = Debug|Any CPU
		{9CF220DF-F415-4262-AAB2-E760BA7648C5}.Release|Any CPU.ActiveCfg = Release|Any CPU
		{9CF220DF-F415-4262-AAB2-E760BA7648C5}.Release|Any CPU.Build.0 = Release|Any CPU
		{BE2771F7-02DA-415A-90BD-75206DA36375}.Debug|Any CPU.ActiveCfg = Debug|Any CPU
		{BE2771F7-02DA-415A-90BD-75206DA36375}.Debug|Any CPU.Build.0 = Debug|Any CPU
		{BE2771F7-02DA-415A-90BD-75206DA36375}.Release|Any CPU.ActiveCfg = Release|Any CPU
		{BE2771F7-02DA-415A-90BD-75206DA36375}.Release|Any CPU.Build.0 = Release|Any CPU
		{D2124F3E-D288-41FC-A76A-636BBCA3764C}.Debug|Any CPU.ActiveCfg = Debug|Any CPU
		{D2124F3E-D288-41FC-A76A-636BBCA3764C}.Debug|Any CPU.Build.0 = Debug|Any CPU
		{D2124F3E-D288-41FC-A76A-636BBCA3764C}.Release|Any CPU.ActiveCfg = Release|Any CPU
		{D2124F3E-D288-41FC-A76A-636BBCA3764C}.Release|Any CPU.Build.0 = Release|Any CPU
		{19640F0D-14B4-41BD-B9AC-8B66237CA4E3}.Debug|Any CPU.ActiveCfg = Debug|Any CPU
		{19640F0D-14B4-41BD-B9AC-8B66237CA4E3}.Debug|Any CPU.Build.0 = Debug|Any CPU
		{19640F0D-14B4-41BD-B9AC-8B66237CA4E3}.Release|Any CPU.ActiveCfg = Release|Any CPU
		{19640F0D-14B4-41BD-B9AC-8B66237CA4E3}.Release|Any CPU.Build.0 = Release|Any CPU
		{70DB3B6C-1847-483C-A1D6-718325ECA9AD}.Debug|Any CPU.ActiveCfg = Debug|Any CPU
		{70DB3B6C-1847-483C-A1D6-718325ECA9AD}.Debug|Any CPU.Build.0 = Debug|Any CPU
		{70DB3B6C-1847-483C-A1D6-718325ECA9AD}.Release|Any CPU.ActiveCfg = Release|Any CPU
		{70DB3B6C-1847-483C-A1D6-718325ECA9AD}.Release|Any CPU.Build.0 = Release|Any CPU
	EndGlobalSection
	GlobalSection(SolutionProperties) = preSolution
		HideSolutionNode = FALSE
	EndGlobalSection
EndGlobal
